// !$*UTF8*$!
{
	archiveVersion = 1;
	classes = {
	};
	objectVersion = 48;
	objects = {

/* Begin PBXBuildFile section */
		AB00AEB42076933C00BDBC75 /* TodoViewModel.swift in Sources */ = {isa = PBXBuildFile; fileRef = AB00AEB32076933C00BDBC75 /* TodoViewModel.swift */; };
		AB00AEB7207699B200BDBC75 /* TodoItemTableViewCell.swift in Sources */ = {isa = PBXBuildFile; fileRef = AB00AEB5207699B200BDBC75 /* TodoItemTableViewCell.swift */; };
		BA97F9B920764CC800F1EDDF /* AppDelegate.swift in Sources */ = {isa = PBXBuildFile; fileRef = BA97F9B820764CC800F1EDDF /* AppDelegate.swift */; };
		BA97F9BB20764CC800F1EDDF /* ViewController.swift in Sources */ = {isa = PBXBuildFile; fileRef = BA97F9BA20764CC800F1EDDF /* ViewController.swift */; };
		BA97F9BE20764CC800F1EDDF /* Main.storyboard in Resources */ = {isa = PBXBuildFile; fileRef = BA97F9BC20764CC800F1EDDF /* Main.storyboard */; };
		BA97F9C020764CC800F1EDDF /* Assets.xcassets in Resources */ = {isa = PBXBuildFile; fileRef = BA97F9BF20764CC800F1EDDF /* Assets.xcassets */; };
		BA97F9C320764CC800F1EDDF /* LaunchScreen.storyboard in Resources */ = {isa = PBXBuildFile; fileRef = BA97F9C120764CC800F1EDDF /* LaunchScreen.storyboard */; };
/* End PBXBuildFile section */

/* Begin PBXFileReference section */
		AB00AEB32076933C00BDBC75 /* TodoViewModel.swift */ = {isa = PBXFileReference; lastKnownFileType = sourcecode.swift; path = TodoViewModel.swift; sourceTree = "<group>"; };
		AB00AEB5207699B200BDBC75 /* TodoItemTableViewCell.swift */ = {isa = PBXFileReference; lastKnownFileType = sourcecode.swift; path = TodoItemTableViewCell.swift; sourceTree = "<group>"; };
		BA97F9B520764CC800F1EDDF /* TodoMVVM.app */ = {isa = PBXFileReference; explicitFileType = wrapper.application; includeInIndex = 0; path = TodoMVVM.app; sourceTree = BUILT_PRODUCTS_DIR; };
		BA97F9B820764CC800F1EDDF /* AppDelegate.swift */ = {isa = PBXFileReference; lastKnownFileType = sourcecode.swift; path = AppDelegate.swift; sourceTree = "<group>"; };
		BA97F9BA20764CC800F1EDDF /* ViewController.swift */ = {isa = PBXFileReference; lastKnownFileType = sourcecode.swift; path = ViewController.swift; sourceTree = "<group>"; };
		BA97F9BD20764CC800F1EDDF /* Base */ = {isa = PBXFileReference; lastKnownFileType = file.storyboard; name = Base; path = Base.lproj/Main.storyboard; sourceTree = "<group>"; };
		BA97F9BF20764CC800F1EDDF /* Assets.xcassets */ = {isa = PBXFileReference; lastKnownFileType = folder.assetcatalog; path = Assets.xcassets; sourceTree = "<group>"; };
		BA97F9C220764CC800F1EDDF /* Base */ = {isa = PBXFileReference; lastKnownFileType = file.storyboard; name = Base; path = Base.lproj/LaunchScreen.storyboard; sourceTree = "<group>"; };
		BA97F9C420764CC800F1EDDF /* Info.plist */ = {isa = PBXFileReference; lastKnownFileType = text.plist.xml; path = Info.plist; sourceTree = "<group>"; };
/* End PBXFileReference section */

/* Begin PBXFrameworksBuildPhase section */
		BA97F9B220764CC800F1EDDF /* Frameworks */ = {
			isa = PBXFrameworksBuildPhase;
			buildActionMask = 2147483647;
			files = (
			);
			runOnlyForDeploymentPostprocessing = 0;
		};
/* End PBXFrameworksBuildPhase section */

/* Begin PBXGroup section */
		BA97F9AC20764CC800F1EDDF = {
			isa = PBXGroup;
			children = (
				BA97F9B720764CC800F1EDDF /* TodoMVVM */,
				BA97F9B620764CC800F1EDDF /* Products */,
			);
			sourceTree = "<group>";
		};
		BA97F9B620764CC800F1EDDF /* Products */ = {
			isa = PBXGroup;
			children = (
				BA97F9B520764CC800F1EDDF /* TodoMVVM.app */,
			);
			name = Products;
			sourceTree = "<group>";
		};
		BA97F9B720764CC800F1EDDF /* TodoMVVM */ = {
			isa = PBXGroup;
			children = (
				BA97F9B820764CC800F1EDDF /* AppDelegate.swift */,
				BA97F9BA20764CC800F1EDDF /* ViewController.swift */,
				AB00AEB32076933C00BDBC75 /* TodoViewModel.swift */,
				AB00AEB5207699B200BDBC75 /* TodoItemTableViewCell.swift */,
				BA97F9BC20764CC800F1EDDF /* Main.storyboard */,
				BA97F9BF20764CC800F1EDDF /* Assets.xcassets */,
				BA97F9C120764CC800F1EDDF /* LaunchScreen.storyboard */,
				BA97F9C420764CC800F1EDDF /* Info.plist */,
			);
			path = TodoMVVM;
			sourceTree = "<group>";
		};
/* End PBXGroup section */

/* Begin PBXNativeTarget section */
		BA97F9B420764CC800F1EDDF /* TodoMVVM */ = {
			isa = PBXNativeTarget;
			buildConfigurationList = BA97F9C720764CC800F1EDDF /* Build configuration list for PBXNativeTarget "TodoMVVM" */;
			buildPhases = (
				BA97F9B120764CC800F1EDDF /* Sources */,
				BA97F9B220764CC800F1EDDF /* Frameworks */,
				BA97F9B320764CC800F1EDDF /* Resources */,
			);
			buildRules = (
			);
			dependencies = (
			);
			name = TodoMVVM;
			productName = TodoMVVM;
			productReference = BA97F9B520764CC800F1EDDF /* TodoMVVM.app */;
			productType = "com.apple.product-type.application";
		};
/* End PBXNativeTarget section */

/* Begin PBXProject section */
		BA97F9AD20764CC800F1EDDF /* Project object */ = {
			isa = PBXProject;
			attributes = {
				LastSwiftUpdateCheck = 0920;
				LastUpgradeCheck = 0930;
				ORGANIZATIONNAME = Develop;
				TargetAttributes = {
					BA97F9B420764CC800F1EDDF = {
						CreatedOnToolsVersion = 9.2;
						ProvisioningStyle = Automatic;
					};
				};
			};
			buildConfigurationList = BA97F9B020764CC800F1EDDF /* Build configuration list for PBXProject "TodoMVVM" */;
			compatibilityVersion = "Xcode 8.0";
			developmentRegion = en;
			hasScannedForEncodings = 0;
			knownRegions = (
				en,
				Base,
			);
			mainGroup = BA97F9AC20764CC800F1EDDF;
			productRefGroup = BA97F9B620764CC800F1EDDF /* Products */;
			projectDirPath = "";
			projectRoot = "";
			targets = (
				BA97F9B420764CC800F1EDDF /* TodoMVVM */,
			);
		};
/* End PBXProject section */

/* Begin PBXResourcesBuildPhase section */
		BA97F9B320764CC800F1EDDF /* Resources */ = {
			isa = PBXResourcesBuildPhase;
			buildActionMask = 2147483647;
			files = (
				BA97F9C320764CC800F1EDDF /* LaunchScreen.storyboard in Resources */,
				BA97F9C020764CC800F1EDDF /* Assets.xcassets in Resources */,
				BA97F9BE20764CC800F1EDDF /* Main.storyboard in Resources */,
			);
			runOnlyForDeploymentPostprocessing = 0;
		};
/* End PBXResourcesBuildPhase section */

/* Begin PBXSourcesBuildPhase section */
		BA97F9B120764CC800F1EDDF /* Sources */ = {
			isa = PBXSourcesBuildPhase;
			buildActionMask = 2147483647;
			files = (
				AB00AEB42076933C00BDBC75 /* TodoViewModel.swift in Sources */,
				BA97F9BB20764CC800F1EDDF /* ViewController.swift in Sources */,
				AB00AEB7207699B200BDBC75 /* TodoItemTableViewCell.swift in Sources */,
				BA97F9B920764CC800F1EDDF /* AppDelegate.swift in Sources */,
			);
			runOnlyForDeploymentPostprocessing = 0;
		};
/* End PBXSourcesBuildPhase section */

/* Begin PBXVariantGroup section */
		BA97F9BC20764CC800F1EDDF /* Main.storyboard */ = {
			isa = PBXVariantGroup;
			children = (
				BA97F9BD20764CC800F1EDDF /* Base */,
			);
			name = Main.storyboard;
			sourceTree = "<group>";
		};
		BA97F9C120764CC800F1EDDF /* LaunchScreen.storyboard */ = {
			isa = PBXVariantGroup;
			children = (
				BA97F9C220764CC800F1EDDF /* Base */,
			);
			name = LaunchScreen.storyboard;
			sourceTree = "<group>";
		};
/* End PBXVariantGroup section */

/* Begin XCBuildConfiguration section */
		BA97F9C520764CC800F1EDDF /* Debug */ = {
			isa = XCBuildConfiguration;
			buildSettings = {
				ALWAYS_SEARCH_USER_PATHS = NO;
				CLANG_ANALYZER_NONNULL = YES;
				CLANG_ANALYZER_NUMBER_OBJECT_CONVERSION = YES_AGGRESSIVE;
				CLANG_CXX_LANGUAGE_STANDARD = "gnu++14";
				CLANG_CXX_LIBRARY = "libc++";
				CLANG_ENABLE_MODULES = YES;
				CLANG_ENABLE_OBJC_ARC = YES;
				CLANG_WARN_BLOCK_CAPTURE_AUTORELEASING = YES;
				CLANG_WARN_BOOL_CONVERSION = YES;
				CLANG_WARN_COMMA = YES;
				CLANG_WARN_CONSTANT_CONVERSION = YES;
				CLANG_WARN_DEPRECATED_OBJC_IMPLEMENTATIONS = YES;
				CLANG_WARN_DIRECT_OBJC_ISA_USAGE = YES_ERROR;
				CLANG_WARN_DOCUMENTATION_COMMENTS = YES;
				CLANG_WARN_EMPTY_BODY = YES;
				CLANG_WARN_ENUM_CONVERSION = YES;
				CLANG_WARN_INFINITE_RECURSION = YES;
				CLANG_WARN_INT_CONVERSION = YES;
				CLANG_WARN_NON_LITERAL_NULL_CONVERSION = YES;
				CLANG_WARN_OBJC_IMPLICIT_RETAIN_SELF = YES;
				CLANG_WARN_OBJC_LITERAL_CONVERSION = YES;
				CLANG_WARN_OBJC_ROOT_CLASS = YES_ERROR;
				CLANG_WARN_RANGE_LOOP_ANALYSIS = YES;
				CLANG_WARN_STRICT_PROTOTYPES = YES;
				CLANG_WARN_SUSPICIOUS_MOVE = YES;
				CLANG_WARN_UNGUARDED_AVAILABILITY = YES_AGGRESSIVE;
				CLANG_WARN_UNREACHABLE_CODE = YES;
				CLANG_WARN__DUPLICATE_METHOD_MATCH = YES;
				CODE_SIGN_IDENTITY = "iPhone Developer";
				COPY_PHASE_STRIP = NO;
				DEBUG_INFORMATION_FORMAT = dwarf;
				ENABLE_STRICT_OBJC_MSGSEND = YES;
				ENABLE_TESTABILITY = YES;
				GCC_C_LANGUAGE_STANDARD = gnu11;
				GCC_DYNAMIC_NO_PIC = NO;
				GCC_NO_COMMON_BLOCKS = YES;
				GCC_OPTIMIZATION_LEVEL = 0;
				GCC_PREPROCESSOR_DEFINITIONS = (
					"DEBUG=1",
					"$(inherited)",
				);
				GCC_WARN_64_TO_32_BIT_CONVERSION = YES;
				GCC_WARN_ABOUT_RETURN_TYPE = YES_ERROR;
				GCC_WARN_UNDECLARED_SELECTOR = YES;
				GCC_WARN_UNINITIALIZED_AUTOS = YES_AGGRESSIVE;
				GCC_WARN_UNUSED_FUNCTION = YES;
				GCC_WARN_UNUSED_VARIABLE = YES;
				IPHONEOS_DEPLOYMENT_TARGET = 11.2;
				MTL_ENABLE_DEBUG_INFO = YES;
				ONLY_ACTIVE_ARCH = YES;
				SDKROOT = iphoneos;
				SWIFT_ACTIVE_COMPILATION_CONDITIONS = DEBUG;
				SWIFT_OPTIMIZATION_LEVEL = "-Onone";
			};
			name = Debug;
		};
		BA97F9C620764CC800F1EDDF /* Release */ = {
			isa = XCBuildConfiguration;
			buildSettings = {
				ALWAYS_SEARCH_USER_PATHS = NO;
				CLANG_ANALYZER_NONNULL = YES;
				CLANG_ANALYZER_NUMBER_OBJECT_CONVERSION = YES_AGGRESSIVE;
				CLANG_CXX_LANGUAGE_STANDARD = "gnu++14";
				CLANG_CXX_LIBRARY = "libc++";
				CLANG_ENABLE_MODULES = YES;
				CLANG_ENABLE_OBJC_ARC = YES;
				CLANG_WARN_BLOCK_CAPTURE_AUTORELEASING = YES;
				CLANG_WARN_BOOL_CONVERSION = YES;
				CLANG_WARN_COMMA = YES;
				CLANG_WARN_CONSTANT_CONVERSION = YES;
				CLANG_WARN_DEPRECATED_OBJC_IMPLEMENTATIONS = YES;
				CLANG_WARN_DIRECT_OBJC_ISA_USAGE = YES_ERROR;
				CLANG_WARN_DOCUMENTATION_COMMENTS = YES;
				CLANG_WARN_EMPTY_BODY = YES;
				CLANG_WARN_ENUM_CONVERSION = YES;
				CLANG_WARN_INFINITE_RECURSION = YES;
				CLANG_WARN_INT_CONVERSION = YES;
				CLANG_WARN_NON_LITERAL_NULL_CONVERSION = YES;
				CLANG_WARN_OBJC_IMPLICIT_RETAIN_SELF = YES;
				CLANG_WARN_OBJC_LITERAL_CONVERSION = YES;
				CLANG_WARN_OBJC_ROOT_CLASS = YES_ERROR;
				CLANG_WARN_RANGE_LOOP_ANALYSIS = YES;
				CLANG_WARN_STRICT_PROTOTYPES = YES;
				CLANG_WARN_SUSPICIOUS_MOVE = YES;
				CLANG_WARN_UNGUARDED_AVAILABILITY = YES_AGGRESSIVE;
				CLANG_WARN_UNREACHABLE_CODE = YES;
				CLANG_WARN__DUPLICATE_METHOD_MATCH = YES;
				CODE_SIGN_IDENTITY = "iPhone Developer";
				COPY_PHASE_STRIP = NO;
				DEBUG_INFORMATION_FORMAT = "dwarf-with-dsym";
				ENABLE_NS_ASSERTIONS = NO;
				ENABLE_STRICT_OBJC_MSGSEND = YES;
				GCC_C_LANGUAGE_STANDARD = gnu11;
				GCC_NO_COMMON_BLOCKS = YES;
				GCC_WARN_64_TO_32_BIT_CONVERSION = YES;
				GCC_WARN_ABOUT_RETURN_TYPE = YES_ERROR;
				GCC_WARN_UNDECLARED_SELECTOR = YES;
				GCC_WARN_UNINITIALIZED_AUTOS = YES_AGGRESSIVE;
				GCC_WARN_UNUSED_FUNCTION = YES;
				GCC_WARN_UNUSED_VARIABLE = YES;
				IPHONEOS_DEPLOYMENT_TARGET = 11.2;
				MTL_ENABLE_DEBUG_INFO = NO;
				SDKROOT = iphoneos;
				SWIFT_OPTIMIZATION_LEVEL = "-Owholemodule";
				VALIDATE_PRODUCT = YES;
			};
			name = Release;
		};
		BA97F9C820764CC800F1EDDF /* Debug */ = {
			isa = XCBuildConfiguration;
			buildSettings = {
				ASSETCATALOG_COMPILER_APPICON_NAME = AppIcon;
				CODE_SIGN_STYLE = Automatic;
				DEVELOPMENT_TEAM = G8XFZ23FXY;
				INFOPLIST_FILE = TodoMVVM/Info.plist;
				LD_RUNPATH_SEARCH_PATHS = "$(inherited) @executable_path/Frameworks";
				PRODUCT_BUNDLE_IDENTIFIER = com.jampps.TodoMVVM;
				PRODUCT_NAME = "$(TARGET_NAME)";
				SWIFT_VERSION = 4.0;
				TARGETED_DEVICE_FAMILY = "1,2";
			};
			name = Debug;
		};
		BA97F9C920764CC800F1EDDF /* Release */ = {
			isa = XCBuildConfiguration;
			buildSettings = {
				ASSETCATALOG_COMPILER_APPICON_NAME = AppIcon;
				CODE_SIGN_STYLE = Automatic;
				DEVELOPMENT_TEAM = G8XFZ23FXY;
				INFOPLIST_FILE = TodoMVVM/Info.plist;
				LD_RUNPATH_SEARCH_PATHS = "$(inherited) @executable_path/Frameworks";
				PRODUCT_BUNDLE_IDENTIFIER = com.jampps.TodoMVVM;
				PRODUCT_NAME = "$(TARGET_NAME)";
				SWIFT_VERSION = 4.0;
				TARGETED_DEVICE_FAMILY = "1,2";
			};
			name = Release;
		};
/* End XCBuildConfiguration section */

/* Begin XCConfigurationList section */
		BA97F9B020764CC800F1EDDF /* Build configuration list for PBXProject "TodoMVVM" */ = {
			isa = XCConfigurationList;
			buildConfigurations = (
				BA97F9C520764CC800F1EDDF /* Debug */,
				BA97F9C620764CC800F1EDDF /* Release */,
			);
			defaultConfigurationIsVisible = 0;
			defaultConfigurationName = Release;
		};
		BA97F9C720764CC800F1EDDF /* Build configuration list for PBXNativeTarget "TodoMVVM" */ = {
			isa = XCConfigurationList;
			buildConfigurations = (
				BA97F9C820764CC800F1EDDF /* Debug */,
				BA97F9C920764CC800F1EDDF /* Release */,
			);
			defaultConfigurationIsVisible = 0;
			defaultConfigurationName = Release;
		};
/* End XCConfigurationList section */
	};
	rootObject = BA97F9AD20764CC800F1EDDF /* Project object */;
}
